
Microsoft Visual Studio Solution File, Format Version 12.00
# Visual Studio Version 16
VisualStudioVersion = 25.0.1700.7
MinimumVisualStudioVersion = 10.0.40219.1
Project("{FAE04EC0-301F-11D3-BF4B-00C04F79EFBC}") = "EventApp.Android", "EventApp\EventApp.Android\EventApp.Android.csproj", "{0F17A3D4-4EEF-4177-B05D-43B2548B89B0}"
EndProject
Project("{FAE04EC0-301F-11D3-BF4B-00C04F79EFBC}") = "EventApp.iOS", "EventApp\EventApp.iOS\EventApp.iOS.csproj", "{226E44F1-D2DA-4916-B1E4-DA701A14E303}"
EndProject
Project("{FAE04EC0-301F-11D3-BF4B-00C04F79EFBC}") = "EventApp", "EventApp\EventApp\EventApp.csproj", "{6032EEFF-2D53-4A82-ACC3-905DCB878AB3}"
EndProject
Global
	GlobalSection(SolutionConfigurationPlatforms) = preSolution
		Debug|Any CPU = Debug|Any CPU
		Release|Any CPU = Release|Any CPU
		Debug|iPhoneSimulator = Debug|iPhoneSimulator
		Release|iPhoneSimulator = Release|iPhoneSimulator
		Debug|iPhone = Debug|iPhone
		Release|iPhone = Release|iPhone
	EndGlobalSection
	GlobalSection(ProjectConfigurationPlatforms) = postSolution
		{0F17A3D4-4EEF-4177-B05D-43B2548B89B0}.Debug|Any CPU.ActiveCfg = Debug|Any CPU
		{0F17A3D4-4EEF-4177-B05D-43B2548B89B0}.Debug|Any CPU.Build.0 = Debug|Any CPU
		{0F17A3D4-4EEF-4177-B05D-43B2548B89B0}.Release|Any CPU.ActiveCfg = Release|Any CPU
		{0F17A3D4-4EEF-4177-B05D-43B2548B89B0}.Release|Any CPU.Build.0 = Release|Any CPU
		{0F17A3D4-4EEF-4177-B05D-43B2548B89B0}.Debug|iPhoneSimulator.ActiveCfg = Debug|Any CPU
		{0F17A3D4-4EEF-4177-B05D-43B2548B89B0}.Debug|iPhoneSimulator.Build.0 = Debug|Any CPU
		{0F17A3D4-4EEF-4177-B05D-43B2548B89B0}.Release|iPhoneSimulator.ActiveCfg = Release|Any CPU
		{0F17A3D4-4EEF-4177-B05D-43B2548B89B0}.Release|iPhoneSimulator.Build.0 = Release|Any CPU
		{0F17A3D4-4EEF-4177-B05D-43B2548B89B0}.Debug|iPhone.ActiveCfg = Debug|Any CPU
		{0F17A3D4-4EEF-4177-B05D-43B2548B89B0}.Debug|iPhone.Build.0 = Debug|Any CPU
		{0F17A3D4-4EEF-4177-B05D-43B2548B89B0}.Release|iPhone.ActiveCfg = Release|Any CPU
		{0F17A3D4-4EEF-4177-B05D-43B2548B89B0}.Release|iPhone.Build.0 = Release|Any CPU
		{226E44F1-D2DA-4916-B1E4-DA701A14E303}.Debug|Any CPU.ActiveCfg = Debug|iPhoneSimulator
		{226E44F1-D2DA-4916-B1E4-DA701A14E303}.Debug|Any CPU.Build.0 = Debug|iPhoneSimulator
		{226E44F1-D2DA-4916-B1E4-DA701A14E303}.Release|Any CPU.ActiveCfg = Release|iPhoneSimulator
		{226E44F1-D2DA-4916-B1E4-DA701A14E303}.Release|Any CPU.Build.0 = Release|iPhoneSimulator
		{226E44F1-D2DA-4916-B1E4-DA701A14E303}.Debug|iPhoneSimulator.ActiveCfg = Debug|iPhoneSimulator
		{226E44F1-D2DA-4916-B1E4-DA701A14E303}.Debug|iPhoneSimulator.Build.0 = Debug|iPhoneSimulator
		{226E44F1-D2DA-4916-B1E4-DA701A14E303}.Release|iPhoneSimulator.ActiveCfg = Release|iPhoneSimulator
		{226E44F1-D2DA-4916-B1E4-DA701A14E303}.Release|iPhoneSimulator.Build.0 = Release|iPhoneSimulator
		{226E44F1-D2DA-4916-B1E4-DA701A14E303}.Debug|iPhone.ActiveCfg = Debug|iPhone
		{226E44F1-D2DA-4916-B1E4-DA701A14E303}.Debug|iPhone.Build.0 = Debug|iPhone
		{226E44F1-D2DA-4916-B1E4-DA701A14E303}.Release|iPhone.ActiveCfg = Release|iPhone
		{226E44F1-D2DA-4916-B1E4-DA701A14E303}.Release|iPhone.Build.0 = Release|iPhone
		{6032EEFF-2D53-4A82-ACC3-905DCB878AB3}.Debug|Any CPU.ActiveCfg = Debug|Any CPU
		{6032EEFF-2D53-4A82-ACC3-905DCB878AB3}.Debug|Any CPU.Build.0 = Debug|Any CPU
		{6032EEFF-2D53-4A82-ACC3-905DCB878AB3}.Release|Any CPU.ActiveCfg = Release|Any CPU
		{6032EEFF-2D53-4A82-ACC3-905DCB878AB3}.Release|Any CPU.Build.0 = Release|Any CPU
		{6032EEFF-2D53-4A82-ACC3-905DCB878AB3}.Debug|iPhoneSimulator.ActiveCfg = Debug|Any CPU
		{6032EEFF-2D53-4A82-ACC3-905DCB878AB3}.Debug|iPhoneSimulator.Build.0 = Debug|Any CPU
		{6032EEFF-2D53-4A82-ACC3-905DCB878AB3}.Release|iPhoneSimulator.ActiveCfg = Release|Any CPU
		{6032EEFF-2D53-4A82-ACC3-905DCB878AB3}.Release|iPhoneSimulator.Build.0 = Release|Any CPU
		{6032EEFF-2D53-4A82-ACC3-905DCB878AB3}.Debug|iPhone.ActiveCfg = Debug|Any CPU
		{6032EEFF-2D53-4A82-ACC3-905DCB878AB3}.Debug|iPhone.Build.0 = Debug|Any CPU
		{6032EEFF-2D53-4A82-ACC3-905DCB878AB3}.Release|iPhone.ActiveCfg = Release|Any CPU
		{6032EEFF-2D53-4A82-ACC3-905DCB878AB3}.Release|iPhone.Build.0 = Release|Any CPU
	EndGlobalSection
	GlobalSection(SolutionProperties) = preSolution
		HideSolutionNode = FALSE
	EndGlobalSection
	GlobalSection(ExtensibilityGlobals) = postSolution
		SolutionGuid = {2F9B890B-4EBD-4EC9-81C8-06DEF1A20672}
	EndGlobalSection
EndGlobal
